
Microsoft Visual Studio Solution File, Format Version 12.00
# Visual Studio Version 17
VisualStudioVersion = 17.9.34728.123
MinimumVisualStudioVersion = 10.0.40219.1
Project("{9A19103F-16F7-4668-BE54-9A1E7A4F7556}") = "Server", "Server\Server.csproj", "{7E9D7770-968A-45A3-93A7-31335BFA6201}"
EndProject
Project("{2150E333-8FDC-42A3-9474-1A3956D46DE8}") = "Solution Items", "Solution Items", "{B16E1F5B-F9AF-4433-8DE7-1F5B5C31DA3E}"
	ProjectSection(SolutionItems) = preProject
		.editorconfig = .editorconfig
		.gitlab-ci.yml = .gitlab-ci.yml
	EndProjectSection
EndProject
Global
	GlobalSection(SolutionConfigurationPlatforms) = preSolution
		Debug|Any CPU = Debug|Any CPU
		Release|Any CPU = Release|Any CPU
	EndGlobalSection
	GlobalSection(ProjectConfigurationPlatforms) = postSolution
		{7E9D7770-968A-45A3-93A7-31335BFA6201}.Debug|Any CPU.ActiveCfg = Debug|Any CPU
		{7E9D7770-968A-45A3-93A7-31335BFA6201}.Debug|Any CPU.Build.0 = Debug|Any CPU
		{7E9D7770-968A-45A3-93A7-31335BFA6201}.Release|Any CPU.ActiveCfg = Release|Any CPU
		{7E9D7770-968A-45A3-93A7-31335BFA6201}.Release|Any CPU.Build.0 = Release|Any CPU
	EndGlobalSection
	GlobalSection(SolutionProperties) = preSolution
		HideSolutionNode = FALSE
	EndGlobalSection
	GlobalSection(ExtensibilityGlobals) = postSolution
		SolutionGuid = {5A0EC2C7-0402-472F-A0AA-E6628485B407}
	EndGlobalSection
EndGlobal
